# This file was autogenerated by Stack.
# You should not edit this file by hand.
# For more information, please see the documentation at:
#   https://docs.haskellstack.org/en/stable/topics/lock_files

packages:
- completed:
    hackage: memoize-1.1.2@sha256:d7701b55ed63434d1e8b507d0a76bb58f2fe31b7ce329132e1ca808c7001da49,1928
    pantry-tree:
      sha256: 8c99f1a87a270c8b8fb2238a0a94b346a986cb502753162dab909ed8b2ff44ad
      size: 687
  original:
    hackage: memoize-1.1.2@sha256:d7701b55ed63434d1e8b507d0a76bb58f2fe31b7ce329132e1ca808c7001da49,1928
snapshots:
- completed:
    sha256: 350737ef1c4c748f4c7ff56b6e74f2f6d15039a2f148662a8ec1aded016b80d0
    size: 640033
    url: https://raw.githubusercontent.com/commercialhaskell/stackage-snapshots/master/lts/21/15.yaml
  original: lts-21.15
