# This file was autogenerated by Stack.
# You should not edit this file by hand.
# For more information, please see the documentation at:
#   https://docs.haskellstack.org/en/stable/topics/lock_files

packages:
- completed:
    hackage: containers-0.8@sha256:ddd5d7ee86afe3a61853c83514be167849e3e6a7f2c19190beedff2968e3be82,2604
    pantry-tree:
      sha256: 0cdf19e8c621af2527b0023ef5f4505eab2a048edfb850c549bd14c80e2c00f4
      size: 2787
  original:
    hackage: containers-0.8@sha256:ddd5d7ee86afe3a61853c83514be167849e3e6a7f2c19190beedff2968e3be82,2604
- completed:
    hackage: text-2.1.3@sha256:5094b1264f717da458c5fa6690ca5eea90e568e464e33a6defeddeb7810b8053,11202
    pantry-tree:
      sha256: e8d29c4ea3ee6eccc0aa488abf36a0b1e698fbeb80e9eff28372e545ed8dd9b5
      size: 8725
  original:
    hackage: text-2.1.3@sha256:5094b1264f717da458c5fa6690ca5eea90e568e464e33a6defeddeb7810b8053,11202
- completed:
    hackage: binary-0.8.9.3@sha256:8b03c7fd5a7f6803280fba87e38d534beb1dc92fec975de5bd36200633996ef2,6576
    pantry-tree:
      sha256: 32834cef5d28bfbe4ba230c12bdae4363a30911f898df9e6d5074fbbabcd549a
      size: 1976
  original:
    hackage: binary-0.8.9.3@sha256:8b03c7fd5a7f6803280fba87e38d534beb1dc92fec975de5bd36200633996ef2,6576
- completed:
    hackage: sbv-13.3@sha256:1e44ec90b9aed59f0b294cd1b55875b0efb167162731f672bd03c7f3474f50d3,26578
    pantry-tree:
      sha256: b146f3ef5ebe497d157bc3add224fbcb66b8c93b969c4df909334bf0907ab7d0
      size: 93591
  original:
    hackage: sbv-13.3@sha256:1e44ec90b9aed59f0b294cd1b55875b0efb167162731f672bd03c7f3474f50d3,26578
snapshots:
- completed:
    sha256: dc2c118f708ee595ccad08b5be08ed276659b0c22ba7c8ba1ef25a49af318c50
    size: 726332
    url: https://raw.githubusercontent.com/commercialhaskell/stackage-snapshots/master/lts/24/23.yaml
  original: lts-24.23
