# This file was autogenerated by Stack.
# You should not edit this file by hand.
# For more information, please see the documentation at:
#   https://docs.haskellstack.org/en/stable/lock_files

packages:
- completed:
    hackage: hgeometry-0.14@sha256:9a2328827b29199acbb18d27f22698b6d1a9ee6187d8519d1a6ed9c4a4315d3d,15615
    pantry-tree:
      sha256: d7223c73a63fb72276c5d892b5f281bc337e3c97303d86f2ea5bac83697a21f6
      size: 12875
  original:
    hackage: hgeometry-0.14@sha256:9a2328827b29199acbb18d27f22698b6d1a9ee6187d8519d1a6ed9c4a4315d3d,15615
- completed:
    hackage: hgeometry-combinatorial-0.14@sha256:d7a23a48f872eabdc74dfb710c2c17c21e7c3df9cbc6130d24fc2321c45115c4,9556
    pantry-tree:
      sha256: 1a659286aaf1e58ef185ac8aa78161ab5ca3e5871d93700c831007ac48426148
      size: 5620
  original:
    hackage: hgeometry-combinatorial-0.14@sha256:d7a23a48f872eabdc74dfb710c2c17c21e7c3df9cbc6130d24fc2321c45115c4,9556
- completed:
    hackage: vector-circular-0.1.4@sha256:e907071334712144e43279aaf0f2d37da183604df723df2cf85ec745d13ccffd,1493
    pantry-tree:
      sha256: 66b47dd8018b7084a3b83447e37c77ce597ed878f173348688221ef0018f192c
      size: 457
  original:
    hackage: vector-circular-0.1.4@sha256:e907071334712144e43279aaf0f2d37da183604df723df2cf85ec745d13ccffd,1493
snapshots:
- completed:
    sha256: 5a59b2a405b3aba3c00188453be172b85893cab8ebc352b1ef58b0eae5d248a2
    size: 650475
    url: https://raw.githubusercontent.com/commercialhaskell/stackage-snapshots/master/lts/20/26.yaml
  original: lts-20.26
